PODS:
  - app_settings (5.1.1):
    - Flutter
  - Flutter (1.0.0)
  - rook_sdk_apple_health (0.0.1):
    - Flutter
    - RookSDK (= 1.7.3)
    - SwiftProtobuf (= 1.28.2)
  - RookSDK (1.7.3)
  - shared_preferences_foundation (0.0.1):
    - Flutter
    - FlutterMacOS
  - SwiftProtobuf (1.28.2)
  - url_launcher_ios (0.0.1):
    - Flutter

DEPENDENCIES:
  - app_settings (from `.symlinks/plugins/app_settings/ios`)
  - Flutter (from `Flutter`)
  - rook_sdk_apple_health (from `.symlinks/plugins/rook_sdk_apple_health/ios`)
  - shared_preferences_foundation (from `.symlinks/plugins/shared_preferences_foundation/darwin`)
  - url_launcher_ios (from `.symlinks/plugins/url_launcher_ios/ios`)

SPEC REPOS:
  trunk:
    - RookSDK
    - SwiftProtobuf

EXTERNAL SOURCES:
  app_settings:
    :path: ".symlinks/plugins/app_settings/ios"
  Flutter:
    :path: Flutter
  rook_sdk_apple_health:
    :path: ".symlinks/plugins/rook_sdk_apple_health/ios"
  shared_preferences_foundation:
    :path: ".symlinks/plugins/shared_preferences_foundation/darwin"
  url_launcher_ios:
    :path: ".symlinks/plugins/url_launcher_ios/ios"

SPEC CHECKSUMS:
  app_settings: 58017cd26b604ae98c3e65acbdd8ba173703cc82
  Flutter: cabc95a1d2626b1b06e7179b784ebcf0c0cde467
  rook_sdk_apple_health: 72fd371f569747f077b05fa10f5b5030b4ddf822
  RookSDK: fb9924a8ab965a8648236aa20fbbce9831bcf93a
  shared_preferences_foundation: fcdcbc04712aee1108ac7fda236f363274528f78
  SwiftProtobuf: 4dbaffec76a39a8dc5da23b40af1a5dc01a4c02d
  url_launcher_ios: 5334b05cef931de560670eeae103fd3e431ac3fe

PODFILE CHECKSUM: a57f30d18f102dd3ce366b1d62a55ecbef2158e5

COCOAPODS: 1.16.2
