PODS:
  - Flutter (1.0.0)
  - rook_sdk_apple_health (0.0.1):
    - Flutter
    - RookSDK (= 1.0.10)
    - SwiftProtobuf (= 1.21.0)
  - RookAppleHealth (1.0.17)
  - RookConnectTransmission (1.0.14)
  - RookSDK (1.0.10):
    - RookAppleHealth (= 1.0.17)
    - RookConnectTransmission (= 1.0.14)
    - RookUsersSDK (= 1.0.1)
  - RookUsersSDK (1.0.1)
  - SwiftProtobuf (1.21.0)
  - url_launcher_ios (0.0.1):
    - Flutter

DEPENDENCIES:
  - Flutter (from `Flutter`)
  - rook_sdk_apple_health (from `.symlinks/plugins/rook_sdk_apple_health/ios`)
  - url_launcher_ios (from `.symlinks/plugins/url_launcher_ios/ios`)

SPEC REPOS:
  trunk:
    - RookAppleHealth
    - RookConnectTransmission
    - RookSDK
    - RookUsersSDK
    - SwiftProtobuf

EXTERNAL SOURCES:
  Flutter:
    :path: Flutter
  rook_sdk_apple_health:
    :path: ".symlinks/plugins/rook_sdk_apple_health/ios"
  url_launcher_ios:
    :path: ".symlinks/plugins/url_launcher_ios/ios"

SPEC CHECKSUMS:
  Flutter: f04841e97a9d0b0a8025694d0796dd46242b2854
  rook_sdk_apple_health: 82155c131cb216046437b1ca7fe9a43c3ec91820
  RookAppleHealth: c6469540c81622930d8b98e4bee02492bf6daa00
  RookConnectTransmission: 0e7fc7e362455835b968f299614195e3e6be539e
  RookSDK: effe909c3bc3b63cc62b40d62c87f45b6058f6cb
  RookUsersSDK: 3a2c21297d7189be0c2eef01209aaf151bb0ae4c
  SwiftProtobuf: afced68785854575756db965e9da52bbf3dc45e7
  url_launcher_ios: 08a3dfac5fb39e8759aeb0abbd5d9480f30fc8b4

PODFILE CHECKSUM: a57f30d18f102dd3ce366b1d62a55ecbef2158e5

COCOAPODS: 1.12.0
